
Microsoft Visual Studio Solution File, Format Version 12.00
# Visual Studio Version 17
VisualStudioVersion = 17.6.33723.286
MinimumVisualStudioVersion = 10.0.40219.1
Project("{FAE04EC0-301F-11D3-BF4B-00C04F79EFBC}") = "quebraArquivoTxt", "quebraArquivoTxt\quebraArquivoTxt.csproj", "{AB54C6B3-97BA-4003-B63A-3D93C19087FF}"
EndProject
Global
	GlobalSection(SolutionConfigurationPlatforms) = preSolution
		Debug|Any CPU = Debug|Any CPU
		Release|Any CPU = Release|Any CPU
	EndGlobalSection
	GlobalSection(ProjectConfigurationPlatforms) = postSolution
		{AB54C6B3-97BA-4003-B63A-3D93C19087FF}.Debug|Any CPU.ActiveCfg = Debug|Any CPU
		{AB54C6B3-97BA-4003-B63A-3D93C19087FF}.Debug|Any CPU.Build.0 = Debug|Any CPU
		{AB54C6B3-97BA-4003-B63A-3D93C19087FF}.Release|Any CPU.ActiveCfg = Release|Any CPU
		{AB54C6B3-97BA-4003-B63A-3D93C19087FF}.Release|Any CPU.Build.0 = Release|Any CPU
	EndGlobalSection
	GlobalSection(SolutionProperties) = preSolution
		HideSolutionNode = FALSE
	EndGlobalSection
	GlobalSection(ExtensibilityGlobals) = postSolution
		SolutionGuid = {D09C009A-CD9D-4DFD-B1A3-F9A9DA5FB4BD}
	EndGlobalSection
EndGlobal
